
Microsoft Visual Studio Solution File, Format Version 12.00
# Visual Studio Version 16
VisualStudioVersion = 16.0.30225.117
MinimumVisualStudioVersion = 10.0.40219.1
Project("{FAE04EC0-301F-11D3-BF4B-00C04F79EFBC}") = "MermaidFlowChart", "MermaidFlowChart.csproj", "{0C5712F8-2790-4D69-819D-D1D294C0966C}"
EndProject
Global
	GlobalSection(SolutionConfigurationPlatforms) = preSolution
		Debug|Any CPU = Debug|Any CPU
		Release|Any CPU = Release|Any CPU
	EndGlobalSection
	GlobalSection(ProjectConfigurationPlatforms) = postSolution
		{0C5712F8-2790-4D69-819D-D1D294C0966C}.Debug|Any CPU.ActiveCfg = Debug|Any CPU
		{0C5712F8-2790-4D69-819D-D1D294C0966C}.Debug|Any CPU.Build.0 = Debug|Any CPU
		{0C5712F8-2790-4D69-819D-D1D294C0966C}.Release|Any CPU.ActiveCfg = Release|Any CPU
		{0C5712F8-2790-4D69-819D-D1D294C0966C}.Release|Any CPU.Build.0 = Release|Any CPU
	EndGlobalSection
	GlobalSection(SolutionProperties) = preSolution
		HideSolutionNode = FALSE
	EndGlobalSection
	GlobalSection(ExtensibilityGlobals) = postSolution
		SolutionGuid = {26DEFD91-021C-4DE6-B165-943E1DA420A4}
	EndGlobalSection
EndGlobal
