
Microsoft Visual Studio Solution File, Format Version 12.00
# Visual Studio Version 16
VisualStudioVersion = 16.0.30225.117
MinimumVisualStudioVersion = 10.0.40219.1
Project("{9A19103F-16F7-4668-BE54-9A1E7A4F7556}") = "Ranking", "Ranking\Ranking.csproj", "{B36D7B06-8105-41DA-81C5-79217425D013}"
EndProject
Project("{9A19103F-16F7-4668-BE54-9A1E7A4F7556}") = "Ranking.Facts", "Ranking.Facts\Ranking.Facts.csproj", "{7E56E420-4E77-4E5D-BF86-C9A1947F18F1}"
EndProject
Global
	GlobalSection(SolutionConfigurationPlatforms) = preSolution
		Debug|Any CPU = Debug|Any CPU
		Release|Any CPU = Release|Any CPU
	EndGlobalSection
	GlobalSection(ProjectConfigurationPlatforms) = postSolution
		{B36D7B06-8105-41DA-81C5-79217425D013}.Debug|Any CPU.ActiveCfg = Debug|Any CPU
		{B36D7B06-8105-41DA-81C5-79217425D013}.Debug|Any CPU.Build.0 = Debug|Any CPU
		{B36D7B06-8105-41DA-81C5-79217425D013}.Release|Any CPU.ActiveCfg = Release|Any CPU
		{B36D7B06-8105-41DA-81C5-79217425D013}.Release|Any CPU.Build.0 = Release|Any CPU
		{7E56E420-4E77-4E5D-BF86-C9A1947F18F1}.Debug|Any CPU.ActiveCfg = Debug|Any CPU
		{7E56E420-4E77-4E5D-BF86-C9A1947F18F1}.Debug|Any CPU.Build.0 = Debug|Any CPU
		{7E56E420-4E77-4E5D-BF86-C9A1947F18F1}.Release|Any CPU.ActiveCfg = Release|Any CPU
		{7E56E420-4E77-4E5D-BF86-C9A1947F18F1}.Release|Any CPU.Build.0 = Release|Any CPU
	EndGlobalSection
	GlobalSection(SolutionProperties) = preSolution
		HideSolutionNode = FALSE
	EndGlobalSection
	GlobalSection(ExtensibilityGlobals) = postSolution
		SolutionGuid = {70B3F659-269A-49A8-9262-B0E00A5DB57D}
	EndGlobalSection
EndGlobal
