
Microsoft Visual Studio Solution File, Format Version 12.00
# Visual Studio Version 16
VisualStudioVersion = 16.0.30225.117
MinimumVisualStudioVersion = 10.0.40219.1
Project("{FAE04EC0-301F-11D3-BF4B-00C04F79EFBC}") = "Arrays", "Arrays.csproj", "{AE9C5100-E66B-43B1-A1BE-DA965064859D}"
EndProject
Global
	GlobalSection(SolutionConfigurationPlatforms) = preSolution
		Debug|Any CPU = Debug|Any CPU
		Release|Any CPU = Release|Any CPU
	EndGlobalSection
	GlobalSection(ProjectConfigurationPlatforms) = postSolution
		{AE9C5100-E66B-43B1-A1BE-DA965064859D}.Debug|Any CPU.ActiveCfg = Debug|Any CPU
		{AE9C5100-E66B-43B1-A1BE-DA965064859D}.Debug|Any CPU.Build.0 = Debug|Any CPU
		{AE9C5100-E66B-43B1-A1BE-DA965064859D}.Release|Any CPU.ActiveCfg = Release|Any CPU
		{AE9C5100-E66B-43B1-A1BE-DA965064859D}.Release|Any CPU.Build.0 = Release|Any CPU
	EndGlobalSection
	GlobalSection(SolutionProperties) = preSolution
		HideSolutionNode = FALSE
	EndGlobalSection
	GlobalSection(ExtensibilityGlobals) = postSolution
		SolutionGuid = {45E8FF10-E7FE-4CB5-B89C-066E454680AF}
	EndGlobalSection
EndGlobal
